
Microsoft Visual Studio Solution File, Format Version 12.00
# Visual Studio Version 16
VisualStudioVersion = 16.0.31624.102
MinimumVisualStudioVersion = 10.0.40219.1
Project("{9A19103F-16F7-4668-BE54-9A1E7A4F7556}") = "MommyApi", "MommyApi.csproj", "{4D37E661-019D-4940-BADD-72F3A457D263}"
	ProjectSection(ProjectDependencies) = postProject
		{D039E071-3A0D-45E3-99BD-969C0FB7BD15} = {D039E071-3A0D-45E3-99BD-969C0FB7BD15}
		{08B5BFB6-25F9-4584-B949-2F460DA7B314} = {08B5BFB6-25F9-4584-B949-2F460DA7B314}
	EndProjectSection
EndProject
Project("{9A19103F-16F7-4668-BE54-9A1E7A4F7556}") = "MommyApi.Services", "..\MommyApi.Services\MommyApi.Services.csproj", "{08B5BFB6-25F9-4584-B949-2F460DA7B314}"
EndProject
Project("{9A19103F-16F7-4668-BE54-9A1E7A4F7556}") = "MommyApi.Data", "..\MommyApi.Data\MommyApi.Data.csproj", "{962CC732-49A9-4AC2-A2B5-028930393B38}"
EndProject
Project("{9A19103F-16F7-4668-BE54-9A1E7A4F7556}") = "MommyApi.Models", "..\MommyApi.Models\MommyApi.Models.csproj", "{D039E071-3A0D-45E3-99BD-969C0FB7BD15}"
EndProject
Project("{FAE04EC0-301F-11D3-BF4B-00C04F79EFBC}") = "MommyApi.Controllers", "..\MommyApi.Controllers\MommyApi.Controllers.csproj", "{5FAD9752-DDA7-45DF-B08B-684CEA771149}"
EndProject
Project("{FAE04EC0-301F-11D3-BF4B-00C04F79EFBC}") = "MommyApi.AppInfrastructure", "..\MommyApi.AppInfrastructure\MommyApi.AppInfrastructure.csproj", "{312E6AFA-A023-4D02-9BE4-28F035535C58}"
EndProject
Global
	GlobalSection(SolutionConfigurationPlatforms) = preSolution
		Debug|Any CPU = Debug|Any CPU
		Release|Any CPU = Release|Any CPU
	EndGlobalSection
	GlobalSection(ProjectConfigurationPlatforms) = postSolution
		{4D37E661-019D-4940-BADD-72F3A457D263}.Debug|Any CPU.ActiveCfg = Debug|Any CPU
		{4D37E661-019D-4940-BADD-72F3A457D263}.Debug|Any CPU.Build.0 = Debug|Any CPU
		{4D37E661-019D-4940-BADD-72F3A457D263}.Release|Any CPU.ActiveCfg = Release|Any CPU
		{4D37E661-019D-4940-BADD-72F3A457D263}.Release|Any CPU.Build.0 = Release|Any CPU
		{08B5BFB6-25F9-4584-B949-2F460DA7B314}.Debug|Any CPU.ActiveCfg = Debug|Any CPU
		{08B5BFB6-25F9-4584-B949-2F460DA7B314}.Debug|Any CPU.Build.0 = Debug|Any CPU
		{08B5BFB6-25F9-4584-B949-2F460DA7B314}.Release|Any CPU.ActiveCfg = Release|Any CPU
		{08B5BFB6-25F9-4584-B949-2F460DA7B314}.Release|Any CPU.Build.0 = Release|Any CPU
		{962CC732-49A9-4AC2-A2B5-028930393B38}.Debug|Any CPU.ActiveCfg = Debug|Any CPU
		{962CC732-49A9-4AC2-A2B5-028930393B38}.Debug|Any CPU.Build.0 = Debug|Any CPU
		{962CC732-49A9-4AC2-A2B5-028930393B38}.Release|Any CPU.ActiveCfg = Release|Any CPU
		{962CC732-49A9-4AC2-A2B5-028930393B38}.Release|Any CPU.Build.0 = Release|Any CPU
		{D039E071-3A0D-45E3-99BD-969C0FB7BD15}.Debug|Any CPU.ActiveCfg = Debug|Any CPU
		{D039E071-3A0D-45E3-99BD-969C0FB7BD15}.Debug|Any CPU.Build.0 = Debug|Any CPU
		{D039E071-3A0D-45E3-99BD-969C0FB7BD15}.Release|Any CPU.ActiveCfg = Release|Any CPU
		{D039E071-3A0D-45E3-99BD-969C0FB7BD15}.Release|Any CPU.Build.0 = Release|Any CPU
		{5FAD9752-DDA7-45DF-B08B-684CEA771149}.Debug|Any CPU.ActiveCfg = Debug|Any CPU
		{5FAD9752-DDA7-45DF-B08B-684CEA771149}.Debug|Any CPU.Build.0 = Debug|Any CPU
		{5FAD9752-DDA7-45DF-B08B-684CEA771149}.Release|Any CPU.ActiveCfg = Release|Any CPU
		{5FAD9752-DDA7-45DF-B08B-684CEA771149}.Release|Any CPU.Build.0 = Release|Any CPU
		{312E6AFA-A023-4D02-9BE4-28F035535C58}.Debug|Any CPU.ActiveCfg = Debug|Any CPU
		{312E6AFA-A023-4D02-9BE4-28F035535C58}.Debug|Any CPU.Build.0 = Debug|Any CPU
		{312E6AFA-A023-4D02-9BE4-28F035535C58}.Release|Any CPU.ActiveCfg = Release|Any CPU
		{312E6AFA-A023-4D02-9BE4-28F035535C58}.Release|Any CPU.Build.0 = Release|Any CPU
	EndGlobalSection
	GlobalSection(SolutionProperties) = preSolution
		HideSolutionNode = FALSE
	EndGlobalSection
	GlobalSection(ExtensibilityGlobals) = postSolution
		SolutionGuid = {297EDDC1-ED85-462F-8635-6B8604680CC2}
	EndGlobalSection
EndGlobal
