
Microsoft Visual Studio Solution File, Format Version 12.00
# Visual Studio Version 16
VisualStudioVersion = 16.0.31624.102
MinimumVisualStudioVersion = 10.0.40219.1
Project("{FAE04EC0-301F-11D3-BF4B-00C04F79EFBC}") = "MommyApi", "MommyApi.csproj", "{4D37E661-019D-4940-BADD-72F3A457D263}"
EndProject
Global
	GlobalSection(SolutionConfigurationPlatforms) = preSolution
		Debug|Any CPU = Debug|Any CPU
		Release|Any CPU = Release|Any CPU
	EndGlobalSection
	GlobalSection(ProjectConfigurationPlatforms) = postSolution
		{4D37E661-019D-4940-BADD-72F3A457D263}.Debug|Any CPU.ActiveCfg = Debug|Any CPU
		{4D37E661-019D-4940-BADD-72F3A457D263}.Debug|Any CPU.Build.0 = Debug|Any CPU
		{4D37E661-019D-4940-BADD-72F3A457D263}.Release|Any CPU.ActiveCfg = Release|Any CPU
		{4D37E661-019D-4940-BADD-72F3A457D263}.Release|Any CPU.Build.0 = Release|Any CPU
	EndGlobalSection
	GlobalSection(SolutionProperties) = preSolution
		HideSolutionNode = FALSE
	EndGlobalSection
	GlobalSection(ExtensibilityGlobals) = postSolution
		SolutionGuid = {297EDDC1-ED85-462F-8635-6B8604680CC2}
	EndGlobalSection
EndGlobal
